// !$*UTF8*$!
{
	archiveVersion = 1;
	classes = {
	};
	objectVersion = 56;
	objects = {

/* Begin PBXBuildFile section */
		0D93B56429C9C77E00DF0F53 /* ComposableArchitectureIssueCancellableIDApp.swift in Sources */ = {isa = PBXBuildFile; fileRef = 0D93B56329C9C77E00DF0F53 /* ComposableArchitectureIssueCancellableIDApp.swift */; };
		0D93B56629C9C77E00DF0F53 /* ContentView.swift in Sources */ = {isa = PBXBuildFile; fileRef = 0D93B56529C9C77E00DF0F53 /* ContentView.swift */; };
		0D93B56829C9C77F00DF0F53 /* Assets.xcassets in Resources */ = {isa = PBXBuildFile; fileRef = 0D93B56729C9C77F00DF0F53 /* Assets.xcassets */; };
		0D93B56B29C9C77F00DF0F53 /* Preview Assets.xcassets in Resources */ = {isa = PBXBuildFile; fileRef = 0D93B56A29C9C77F00DF0F53 /* Preview Assets.xcassets */; };
		0D93B57529C9C77F00DF0F53 /* ComposableArchitectureIssueCancellableIDTests.swift in Sources */ = {isa = PBXBuildFile; fileRef = 0D93B57429C9C77F00DF0F53 /* ComposableArchitectureIssueCancellableIDTests.swift */; };
		0D93B57F29C9C78000DF0F53 /* ComposableArchitectureIssueCancellableIDUITests.swift in Sources */ = {isa = PBXBuildFile; fileRef = 0D93B57E29C9C78000DF0F53 /* ComposableArchitectureIssueCancellableIDUITests.swift */; };
		0D93B58129C9C78000DF0F53 /* ComposableArchitectureIssueCancellableIDUITestsLaunchTests.swift in Sources */ = {isa = PBXBuildFile; fileRef = 0D93B58029C9C78000DF0F53 /* ComposableArchitectureIssueCancellableIDUITestsLaunchTests.swift */; };
		0D93B58F29C9C7B100DF0F53 /* ComposableArchitecture in Frameworks */ = {isa = PBXBuildFile; productRef = 0D93B58E29C9C7B100DF0F53 /* ComposableArchitecture */; };
		0D93B59229C9C7E100DF0F53 /* ContentView+Reducer.swift in Sources */ = {isa = PBXBuildFile; fileRef = 0D93B59129C9C7E100DF0F53 /* ContentView+Reducer.swift */; };
/* End PBXBuildFile section */

/* Begin PBXContainerItemProxy section */
		0D93B57129C9C77F00DF0F53 /* PBXContainerItemProxy */ = {
			isa = PBXContainerItemProxy;
			containerPortal = 0D93B55829C9C77E00DF0F53 /* Project object */;
			proxyType = 1;
			remoteGlobalIDString = 0D93B55F29C9C77E00DF0F53;
			remoteInfo = ComposableArchitectureIssueCancellableID;
		};
		0D93B57B29C9C77F00DF0F53 /* PBXContainerItemProxy */ = {
			isa = PBXContainerItemProxy;
			containerPortal = 0D93B55829C9C77E00DF0F53 /* Project object */;
			proxyType = 1;
			remoteGlobalIDString = 0D93B55F29C9C77E00DF0F53;
			remoteInfo = ComposableArchitectureIssueCancellableID;
		};
/* End PBXContainerItemProxy section */

/* Begin PBXFileReference section */
		0D93B56029C9C77E00DF0F53 /* ComposableArchitectureIssueCancellableID.app */ = {isa = PBXFileReference; explicitFileType = wrapper.application; includeInIndex = 0; path = ComposableArchitectureIssueCancellableID.app; sourceTree = BUILT_PRODUCTS_DIR; };
		0D93B56329C9C77E00DF0F53 /* ComposableArchitectureIssueCancellableIDApp.swift */ = {isa = PBXFileReference; lastKnownFileType = sourcecode.swift; path = ComposableArchitectureIssueCancellableIDApp.swift; sourceTree = "<group>"; };
		0D93B56529C9C77E00DF0F53 /* ContentView.swift */ = {isa = PBXFileReference; lastKnownFileType = sourcecode.swift; path = ContentView.swift; sourceTree = "<group>"; };
		0D93B56729C9C77F00DF0F53 /* Assets.xcassets */ = {isa = PBXFileReference; lastKnownFileType = folder.assetcatalog; path = Assets.xcassets; sourceTree = "<group>"; };
		0D93B56A29C9C77F00DF0F53 /* Preview Assets.xcassets */ = {isa = PBXFileReference; lastKnownFileType = folder.assetcatalog; path = "Preview Assets.xcassets"; sourceTree = "<group>"; };
		0D93B57029C9C77F00DF0F53 /* ComposableArchitectureIssueCancellableIDTests.xctest */ = {isa = PBXFileReference; explicitFileType = wrapper.cfbundle; includeInIndex = 0; path = ComposableArchitectureIssueCancellableIDTests.xctest; sourceTree = BUILT_PRODUCTS_DIR; };
		0D93B57429C9C77F00DF0F53 /* ComposableArchitectureIssueCancellableIDTests.swift */ = {isa = PBXFileReference; lastKnownFileType = sourcecode.swift; path = ComposableArchitectureIssueCancellableIDTests.swift; sourceTree = "<group>"; };
		0D93B57A29C9C77F00DF0F53 /* ComposableArchitectureIssueCancellableIDUITests.xctest */ = {isa = PBXFileReference; explicitFileType = wrapper.cfbundle; includeInIndex = 0; path = ComposableArchitectureIssueCancellableIDUITests.xctest; sourceTree = BUILT_PRODUCTS_DIR; };
		0D93B57E29C9C78000DF0F53 /* ComposableArchitectureIssueCancellableIDUITests.swift */ = {isa = PBXFileReference; lastKnownFileType = sourcecode.swift; path = ComposableArchitectureIssueCancellableIDUITests.swift; sourceTree = "<group>"; };
		0D93B58029C9C78000DF0F53 /* ComposableArchitectureIssueCancellableIDUITestsLaunchTests.swift */ = {isa = PBXFileReference; lastKnownFileType = sourcecode.swift; path = ComposableArchitectureIssueCancellableIDUITestsLaunchTests.swift; sourceTree = "<group>"; };
		0D93B59129C9C7E100DF0F53 /* ContentView+Reducer.swift */ = {isa = PBXFileReference; lastKnownFileType = sourcecode.swift; path = "ContentView+Reducer.swift"; sourceTree = "<group>"; };
/* End PBXFileReference section */

/* Begin PBXFrameworksBuildPhase section */
		0D93B55D29C9C77E00DF0F53 /* Frameworks */ = {
			isa = PBXFrameworksBuildPhase;
			buildActionMask = 2147483647;
			files = (
				0D93B58F29C9C7B100DF0F53 /* ComposableArchitecture in Frameworks */,
			);
			runOnlyForDeploymentPostprocessing = 0;
		};
		0D93B56D29C9C77F00DF0F53 /* Frameworks */ = {
			isa = PBXFrameworksBuildPhase;
			buildActionMask = 2147483647;
			files = (
			);
			runOnlyForDeploymentPostprocessing = 0;
		};
		0D93B57729C9C77F00DF0F53 /* Frameworks */ = {
			isa = PBXFrameworksBuildPhase;
			buildActionMask = 2147483647;
			files = (
			);
			runOnlyForDeploymentPostprocessing = 0;
		};
/* End PBXFrameworksBuildPhase section */

/* Begin PBXGroup section */
		0D93B55729C9C77E00DF0F53 = {
			isa = PBXGroup;
			children = (
				0D93B56229C9C77E00DF0F53 /* ComposableArchitectureIssueCancellableID */,
				0D93B57329C9C77F00DF0F53 /* ComposableArchitectureIssueCancellableIDTests */,
				0D93B57D29C9C77F00DF0F53 /* ComposableArchitectureIssueCancellableIDUITests */,
				0D93B56129C9C77E00DF0F53 /* Products */,
			);
			sourceTree = "<group>";
		};
		0D93B56129C9C77E00DF0F53 /* Products */ = {
			isa = PBXGroup;
			children = (
				0D93B56029C9C77E00DF0F53 /* ComposableArchitectureIssueCancellableID.app */,
				0D93B57029C9C77F00DF0F53 /* ComposableArchitectureIssueCancellableIDTests.xctest */,
				0D93B57A29C9C77F00DF0F53 /* ComposableArchitectureIssueCancellableIDUITests.xctest */,
			);
			name = Products;
			sourceTree = "<group>";
		};
		0D93B56229C9C77E00DF0F53 /* ComposableArchitectureIssueCancellableID */ = {
			isa = PBXGroup;
			children = (
				0D93B59029C9C7C700DF0F53 /* TCAContentView */,
				0D93B56329C9C77E00DF0F53 /* ComposableArchitectureIssueCancellableIDApp.swift */,
				0D93B56529C9C77E00DF0F53 /* ContentView.swift */,
				0D93B56729C9C77F00DF0F53 /* Assets.xcassets */,
				0D93B56929C9C77F00DF0F53 /* Preview Content */,
			);
			path = ComposableArchitectureIssueCancellableID;
			sourceTree = "<group>";
		};
		0D93B56929C9C77F00DF0F53 /* Preview Content */ = {
			isa = PBXGroup;
			children = (
				0D93B56A29C9C77F00DF0F53 /* Preview Assets.xcassets */,
			);
			path = "Preview Content";
			sourceTree = "<group>";
		};
		0D93B57329C9C77F00DF0F53 /* ComposableArchitectureIssueCancellableIDTests */ = {
			isa = PBXGroup;
			children = (
				0D93B57429C9C77F00DF0F53 /* ComposableArchitectureIssueCancellableIDTests.swift */,
			);
			path = ComposableArchitectureIssueCancellableIDTests;
			sourceTree = "<group>";
		};
		0D93B57D29C9C77F00DF0F53 /* ComposableArchitectureIssueCancellableIDUITests */ = {
			isa = PBXGroup;
			children = (
				0D93B57E29C9C78000DF0F53 /* ComposableArchitectureIssueCancellableIDUITests.swift */,
				0D93B58029C9C78000DF0F53 /* ComposableArchitectureIssueCancellableIDUITestsLaunchTests.swift */,
			);
			path = ComposableArchitectureIssueCancellableIDUITests;
			sourceTree = "<group>";
		};
		0D93B59029C9C7C700DF0F53 /* TCAContentView */ = {
			isa = PBXGroup;
			children = (
				0D93B59129C9C7E100DF0F53 /* ContentView+Reducer.swift */,
			);
			path = TCAContentView;
			sourceTree = "<group>";
		};
/* End PBXGroup section */

/* Begin PBXNativeTarget section */
		0D93B55F29C9C77E00DF0F53 /* ComposableArchitectureIssueCancellableID */ = {
			isa = PBXNativeTarget;
			buildConfigurationList = 0D93B58429C9C78000DF0F53 /* Build configuration list for PBXNativeTarget "ComposableArchitectureIssueCancellableID" */;
			buildPhases = (
				0D93B55C29C9C77E00DF0F53 /* Sources */,
				0D93B55D29C9C77E00DF0F53 /* Frameworks */,
				0D93B55E29C9C77E00DF0F53 /* Resources */,
			);
			buildRules = (
			);
			dependencies = (
			);
			name = ComposableArchitectureIssueCancellableID;
			packageProductDependencies = (
				0D93B58E29C9C7B100DF0F53 /* ComposableArchitecture */,
			);
			productName = ComposableArchitectureIssueCancellableID;
			productReference = 0D93B56029C9C77E00DF0F53 /* ComposableArchitectureIssueCancellableID.app */;
			productType = "com.apple.product-type.application";
		};
		0D93B56F29C9C77F00DF0F53 /* ComposableArchitectureIssueCancellableIDTests */ = {
			isa = PBXNativeTarget;
			buildConfigurationList = 0D93B58729C9C78000DF0F53 /* Build configuration list for PBXNativeTarget "ComposableArchitectureIssueCancellableIDTests" */;
			buildPhases = (
				0D93B56C29C9C77F00DF0F53 /* Sources */,
				0D93B56D29C9C77F00DF0F53 /* Frameworks */,
				0D93B56E29C9C77F00DF0F53 /* Resources */,
			);
			buildRules = (
			);
			dependencies = (
				0D93B57229C9C77F00DF0F53 /* PBXTargetDependency */,
			);
			name = ComposableArchitectureIssueCancellableIDTests;
			productName = ComposableArchitectureIssueCancellableIDTests;
			productReference = 0D93B57029C9C77F00DF0F53 /* ComposableArchitectureIssueCancellableIDTests.xctest */;
			productType = "com.apple.product-type.bundle.unit-test";
		};
		0D93B57929C9C77F00DF0F53 /* ComposableArchitectureIssueCancellableIDUITests */ = {
			isa = PBXNativeTarget;
			buildConfigurationList = 0D93B58A29C9C78000DF0F53 /* Build configuration list for PBXNativeTarget "ComposableArchitectureIssueCancellableIDUITests" */;
			buildPhases = (
				0D93B57629C9C77F00DF0F53 /* Sources */,
				0D93B57729C9C77F00DF0F53 /* Frameworks */,
				0D93B57829C9C77F00DF0F53 /* Resources */,
			);
			buildRules = (
			);
			dependencies = (
				0D93B57C29C9C77F00DF0F53 /* PBXTargetDependency */,
			);
			name = ComposableArchitectureIssueCancellableIDUITests;
			productName = ComposableArchitectureIssueCancellableIDUITests;
			productReference = 0D93B57A29C9C77F00DF0F53 /* ComposableArchitectureIssueCancellableIDUITests.xctest */;
			productType = "com.apple.product-type.bundle.ui-testing";
		};
/* End PBXNativeTarget section */

/* Begin PBXProject section */
		0D93B55829C9C77E00DF0F53 /* Project object */ = {
			isa = PBXProject;
			attributes = {
				BuildIndependentTargetsInParallel = 1;
				LastSwiftUpdateCheck = 1420;
				LastUpgradeCheck = 1420;
				TargetAttributes = {
					0D93B55F29C9C77E00DF0F53 = {
						CreatedOnToolsVersion = 14.2;
					};
					0D93B56F29C9C77F00DF0F53 = {
						CreatedOnToolsVersion = 14.2;
						TestTargetID = 0D93B55F29C9C77E00DF0F53;
					};
					0D93B57929C9C77F00DF0F53 = {
						CreatedOnToolsVersion = 14.2;
						TestTargetID = 0D93B55F29C9C77E00DF0F53;
					};
				};
			};
			buildConfigurationList = 0D93B55B29C9C77E00DF0F53 /* Build configuration list for PBXProject "ComposableArchitectureIssueCancellableID" */;
			compatibilityVersion = "Xcode 14.0";
			developmentRegion = en;
			hasScannedForEncodings = 0;
			knownRegions = (
				en,
				Base,
			);
			mainGroup = 0D93B55729C9C77E00DF0F53;
			packageReferences = (
				0D93B58D29C9C7B100DF0F53 /* XCRemoteSwiftPackageReference "swift-composable-architecture" */,
			);
			productRefGroup = 0D93B56129C9C77E00DF0F53 /* Products */;
			projectDirPath = "";
			projectRoot = "";
			targets = (
				0D93B55F29C9C77E00DF0F53 /* ComposableArchitectureIssueCancellableID */,
				0D93B56F29C9C77F00DF0F53 /* ComposableArchitectureIssueCancellableIDTests */,
				0D93B57929C9C77F00DF0F53 /* ComposableArchitectureIssueCancellableIDUITests */,
			);
		};
/* End PBXProject section */

/* Begin PBXResourcesBuildPhase section */
		0D93B55E29C9C77E00DF0F53 /* Resources */ = {
			isa = PBXResourcesBuildPhase;
			buildActionMask = 2147483647;
			files = (
				0D93B56B29C9C77F00DF0F53 /* Preview Assets.xcassets in Resources */,
				0D93B56829C9C77F00DF0F53 /* Assets.xcassets in Resources */,
			);
			runOnlyForDeploymentPostprocessing = 0;
		};
		0D93B56E29C9C77F00DF0F53 /* Resources */ = {
			isa = PBXResourcesBuildPhase;
			buildActionMask = 2147483647;
			files = (
			);
			runOnlyForDeploymentPostprocessing = 0;
		};
		0D93B57829C9C77F00DF0F53 /* Resources */ = {
			isa = PBXResourcesBuildPhase;
			buildActionMask = 2147483647;
			files = (
			);
			runOnlyForDeploymentPostprocessing = 0;
		};
/* End PBXResourcesBuildPhase section */

/* Begin PBXSourcesBuildPhase section */
		0D93B55C29C9C77E00DF0F53 /* Sources */ = {
			isa = PBXSourcesBuildPhase;
			buildActionMask = 2147483647;
			files = (
				0D93B59229C9C7E100DF0F53 /* ContentView+Reducer.swift in Sources */,
				0D93B56629C9C77E00DF0F53 /* ContentView.swift in Sources */,
				0D93B56429C9C77E00DF0F53 /* ComposableArchitectureIssueCancellableIDApp.swift in Sources */,
			);
			runOnlyForDeploymentPostprocessing = 0;
		};
		0D93B56C29C9C77F00DF0F53 /* Sources */ = {
			isa = PBXSourcesBuildPhase;
			buildActionMask = 2147483647;
			files = (
				0D93B57529C9C77F00DF0F53 /* ComposableArchitectureIssueCancellableIDTests.swift in Sources */,
			);
			runOnlyForDeploymentPostprocessing = 0;
		};
		0D93B57629C9C77F00DF0F53 /* Sources */ = {
			isa = PBXSourcesBuildPhase;
			buildActionMask = 2147483647;
			files = (
				0D93B58129C9C78000DF0F53 /* ComposableArchitectureIssueCancellableIDUITestsLaunchTests.swift in Sources */,
				0D93B57F29C9C78000DF0F53 /* ComposableArchitectureIssueCancellableIDUITests.swift in Sources */,
			);
			runOnlyForDeploymentPostprocessing = 0;
		};
/* End PBXSourcesBuildPhase section */

/* Begin PBXTargetDependency section */
		0D93B57229C9C77F00DF0F53 /* PBXTargetDependency */ = {
			isa = PBXTargetDependency;
			target = 0D93B55F29C9C77E00DF0F53 /* ComposableArchitectureIssueCancellableID */;
			targetProxy = 0D93B57129C9C77F00DF0F53 /* PBXContainerItemProxy */;
		};
		0D93B57C29C9C77F00DF0F53 /* PBXTargetDependency */ = {
			isa = PBXTargetDependency;
			target = 0D93B55F29C9C77E00DF0F53 /* ComposableArchitectureIssueCancellableID */;
			targetProxy = 0D93B57B29C9C77F00DF0F53 /* PBXContainerItemProxy */;
		};
/* End PBXTargetDependency section */

/* Begin XCBuildConfiguration section */
		0D93B58229C9C78000DF0F53 /* Debug */ = {
			isa = XCBuildConfiguration;
			buildSettings = {
				ALWAYS_SEARCH_USER_PATHS = NO;
				CLANG_ANALYZER_NONNULL = YES;
				CLANG_ANALYZER_NUMBER_OBJECT_CONVERSION = YES_AGGRESSIVE;
				CLANG_CXX_LANGUAGE_STANDARD = "gnu++20";
				CLANG_ENABLE_MODULES = YES;
				CLANG_ENABLE_OBJC_ARC = YES;
				CLANG_ENABLE_OBJC_WEAK = YES;
				CLANG_WARN_BLOCK_CAPTURE_AUTORELEASING = YES;
				CLANG_WARN_BOOL_CONVERSION = YES;
				CLANG_WARN_COMMA = YES;
				CLANG_WARN_CONSTANT_CONVERSION = YES;
				CLANG_WARN_DEPRECATED_OBJC_IMPLEMENTATIONS = YES;
				CLANG_WARN_DIRECT_OBJC_ISA_USAGE = YES_ERROR;
				CLANG_WARN_DOCUMENTATION_COMMENTS = YES;
				CLANG_WARN_EMPTY_BODY = YES;
				CLANG_WARN_ENUM_CONVERSION = YES;
				CLANG_WARN_INFINITE_RECURSION = YES;
				CLANG_WARN_INT_CONVERSION = YES;
				CLANG_WARN_NON_LITERAL_NULL_CONVERSION = YES;
				CLANG_WARN_OBJC_IMPLICIT_RETAIN_SELF = YES;
				CLANG_WARN_OBJC_LITERAL_CONVERSION = YES;
				CLANG_WARN_OBJC_ROOT_CLASS = YES_ERROR;
				CLANG_WARN_QUOTED_INCLUDE_IN_FRAMEWORK_HEADER = YES;
				CLANG_WARN_RANGE_LOOP_ANALYSIS = YES;
				CLANG_WARN_STRICT_PROTOTYPES = YES;
				CLANG_WARN_SUSPICIOUS_MOVE = YES;
				CLANG_WARN_UNGUARDED_AVAILABILITY = YES_AGGRESSIVE;
				CLANG_WARN_UNREACHABLE_CODE = YES;
				CLANG_WARN__DUPLICATE_METHOD_MATCH = YES;
				COPY_PHASE_STRIP = NO;
				DEBUG_INFORMATION_FORMAT = dwarf;
				ENABLE_STRICT_OBJC_MSGSEND = YES;
				ENABLE_TESTABILITY = YES;
				GCC_C_LANGUAGE_STANDARD = gnu11;
				GCC_DYNAMIC_NO_PIC = NO;
				GCC_NO_COMMON_BLOCKS = YES;
				GCC_OPTIMIZATION_LEVEL = 0;
				GCC_PREPROCESSOR_DEFINITIONS = (
					"DEBUG=1",
					"$(inherited)",
				);
				GCC_WARN_64_TO_32_BIT_CONVERSION = YES;
				GCC_WARN_ABOUT_RETURN_TYPE = YES_ERROR;
				GCC_WARN_UNDECLARED_SELECTOR = YES;
				GCC_WARN_UNINITIALIZED_AUTOS = YES_AGGRESSIVE;
				GCC_WARN_UNUSED_FUNCTION = YES;
				GCC_WARN_UNUSED_VARIABLE = YES;
				IPHONEOS_DEPLOYMENT_TARGET = 16.2;
				MTL_ENABLE_DEBUG_INFO = INCLUDE_SOURCE;
				MTL_FAST_MATH = YES;
				ONLY_ACTIVE_ARCH = YES;
				SDKROOT = iphoneos;
				SWIFT_ACTIVE_COMPILATION_CONDITIONS = DEBUG;
				SWIFT_OPTIMIZATION_LEVEL = "-Onone";
			};
			name = Debug;
		};
		0D93B58329C9C78000DF0F53 /* Release */ = {
			isa = XCBuildConfiguration;
			buildSettings = {
				ALWAYS_SEARCH_USER_PATHS = NO;
				CLANG_ANALYZER_NONNULL = YES;
				CLANG_ANALYZER_NUMBER_OBJECT_CONVERSION = YES_AGGRESSIVE;
				CLANG_CXX_LANGUAGE_STANDARD = "gnu++20";
				CLANG_ENABLE_MODULES = YES;
				CLANG_ENABLE_OBJC_ARC = YES;
				CLANG_ENABLE_OBJC_WEAK = YES;
				CLANG_WARN_BLOCK_CAPTURE_AUTORELEASING = YES;
				CLANG_WARN_BOOL_CONVERSION = YES;
				CLANG_WARN_COMMA = YES;
				CLANG_WARN_CONSTANT_CONVERSION = YES;
				CLANG_WARN_DEPRECATED_OBJC_IMPLEMENTATIONS = YES;
				CLANG_WARN_DIRECT_OBJC_ISA_USAGE = YES_ERROR;
				CLANG_WARN_DOCUMENTATION_COMMENTS = YES;
				CLANG_WARN_EMPTY_BODY = YES;
				CLANG_WARN_ENUM_CONVERSION = YES;
				CLANG_WARN_INFINITE_RECURSION = YES;
				CLANG_WARN_INT_CONVERSION = YES;
				CLANG_WARN_NON_LITERAL_NULL_CONVERSION = YES;
				CLANG_WARN_OBJC_IMPLICIT_RETAIN_SELF = YES;
				CLANG_WARN_OBJC_LITERAL_CONVERSION = YES;
				CLANG_WARN_OBJC_ROOT_CLASS = YES_ERROR;
				CLANG_WARN_QUOTED_INCLUDE_IN_FRAMEWORK_HEADER = YES;
				CLANG_WARN_RANGE_LOOP_ANALYSIS = YES;
				CLANG_WARN_STRICT_PROTOTYPES = YES;
				CLANG_WARN_SUSPICIOUS_MOVE = YES;
				CLANG_WARN_UNGUARDED_AVAILABILITY = YES_AGGRESSIVE;
				CLANG_WARN_UNREACHABLE_CODE = YES;
				CLANG_WARN__DUPLICATE_METHOD_MATCH = YES;
				COPY_PHASE_STRIP = NO;
				DEBUG_INFORMATION_FORMAT = "dwarf-with-dsym";
				ENABLE_NS_ASSERTIONS = NO;
				ENABLE_STRICT_OBJC_MSGSEND = YES;
				GCC_C_LANGUAGE_STANDARD = gnu11;
				GCC_NO_COMMON_BLOCKS = YES;
				GCC_WARN_64_TO_32_BIT_CONVERSION = YES;
				GCC_WARN_ABOUT_RETURN_TYPE = YES_ERROR;
				GCC_WARN_UNDECLARED_SELECTOR = YES;
				GCC_WARN_UNINITIALIZED_AUTOS = YES_AGGRESSIVE;
				GCC_WARN_UNUSED_FUNCTION = YES;
				GCC_WARN_UNUSED_VARIABLE = YES;
				IPHONEOS_DEPLOYMENT_TARGET = 16.2;
				MTL_ENABLE_DEBUG_INFO = NO;
				MTL_FAST_MATH = YES;
				SDKROOT = iphoneos;
				SWIFT_COMPILATION_MODE = wholemodule;
				SWIFT_OPTIMIZATION_LEVEL = "-O";
				VALIDATE_PRODUCT = YES;
			};
			name = Release;
		};
		0D93B58529C9C78000DF0F53 /* Debug */ = {
			isa = XCBuildConfiguration;
			buildSettings = {
				ASSETCATALOG_COMPILER_APPICON_NAME = AppIcon;
				ASSETCATALOG_COMPILER_GLOBAL_ACCENT_COLOR_NAME = AccentColor;
				CODE_SIGN_STYLE = Automatic;
				CURRENT_PROJECT_VERSION = 1;
				DEVELOPMENT_ASSET_PATHS = "\"ComposableArchitectureIssueCancellableID/Preview Content\"";
				ENABLE_PREVIEWS = YES;
				GENERATE_INFOPLIST_FILE = YES;
				INFOPLIST_KEY_UIApplicationSceneManifest_Generation = YES;
				INFOPLIST_KEY_UIApplicationSupportsIndirectInputEvents = YES;
				INFOPLIST_KEY_UILaunchScreen_Generation = YES;
				INFOPLIST_KEY_UISupportedInterfaceOrientations_iPad = "UIInterfaceOrientationPortrait UIInterfaceOrientationPortraitUpsideDown UIInterfaceOrientationLandscapeLeft UIInterfaceOrientationLandscapeRight";
				INFOPLIST_KEY_UISupportedInterfaceOrientations_iPhone = "UIInterfaceOrientationPortrait UIInterfaceOrientationLandscapeLeft UIInterfaceOrientationLandscapeRight";
				LD_RUNPATH_SEARCH_PATHS = (
					"$(inherited)",
					"@executable_path/Frameworks",
				);
				MARKETING_VERSION = 1.0;
				PRODUCT_BUNDLE_IDENTIFIER = test.ComposableArchitectureIssueCancellableID;
				PRODUCT_NAME = "$(TARGET_NAME)";
				SWIFT_EMIT_LOC_STRINGS = YES;
				SWIFT_VERSION = 5.0;
				TARGETED_DEVICE_FAMILY = "1,2";
			};
			name = Debug;
		};
		0D93B58629C9C78000DF0F53 /* Release */ = {
			isa = XCBuildConfiguration;
			buildSettings = {
				ASSETCATALOG_COMPILER_APPICON_NAME = AppIcon;
				ASSETCATALOG_COMPILER_GLOBAL_ACCENT_COLOR_NAME = AccentColor;
				CODE_SIGN_STYLE = Automatic;
				CURRENT_PROJECT_VERSION = 1;
				DEVELOPMENT_ASSET_PATHS = "\"ComposableArchitectureIssueCancellableID/Preview Content\"";
				ENABLE_PREVIEWS = YES;
				GENERATE_INFOPLIST_FILE = YES;
				INFOPLIST_KEY_UIApplicationSceneManifest_Generation = YES;
				INFOPLIST_KEY_UIApplicationSupportsIndirectInputEvents = YES;
				INFOPLIST_KEY_UILaunchScreen_Generation = YES;
				INFOPLIST_KEY_UISupportedInterfaceOrientations_iPad = "UIInterfaceOrientationPortrait UIInterfaceOrientationPortraitUpsideDown UIInterfaceOrientationLandscapeLeft UIInterfaceOrientationLandscapeRight";
				INFOPLIST_KEY_UISupportedInterfaceOrientations_iPhone = "UIInterfaceOrientationPortrait UIInterfaceOrientationLandscapeLeft UIInterfaceOrientationLandscapeRight";
				LD_RUNPATH_SEARCH_PATHS = (
					"$(inherited)",
					"@executable_path/Frameworks",
				);
				MARKETING_VERSION = 1.0;
				PRODUCT_BUNDLE_IDENTIFIER = test.ComposableArchitectureIssueCancellableID;
				PRODUCT_NAME = "$(TARGET_NAME)";
				SWIFT_EMIT_LOC_STRINGS = YES;
				SWIFT_VERSION = 5.0;
				TARGETED_DEVICE_FAMILY = "1,2";
			};
			name = Release;
		};
		0D93B58829C9C78000DF0F53 /* Debug */ = {
			isa = XCBuildConfiguration;
			buildSettings = {
				ALWAYS_EMBED_SWIFT_STANDARD_LIBRARIES = YES;
				BUNDLE_LOADER = "$(TEST_HOST)";
				CODE_SIGN_STYLE = Automatic;
				CURRENT_PROJECT_VERSION = 1;
				GENERATE_INFOPLIST_FILE = YES;
				IPHONEOS_DEPLOYMENT_TARGET = 16.2;
				MARKETING_VERSION = 1.0;
				PRODUCT_BUNDLE_IDENTIFIER = test.ComposableArchitectureIssueCancellableIDTests;
				PRODUCT_NAME = "$(TARGET_NAME)";
				SWIFT_EMIT_LOC_STRINGS = NO;
				SWIFT_VERSION = 5.0;
				TARGETED_DEVICE_FAMILY = "1,2";
				TEST_HOST = "$(BUILT_PRODUCTS_DIR)/ComposableArchitectureIssueCancellableID.app/$(BUNDLE_EXECUTABLE_FOLDER_PATH)/ComposableArchitectureIssueCancellableID";
			};
			name = Debug;
		};
		0D93B58929C9C78000DF0F53 /* Release */ = {
			isa = XCBuildConfiguration;
			buildSettings = {
				ALWAYS_EMBED_SWIFT_STANDARD_LIBRARIES = YES;
				BUNDLE_LOADER = "$(TEST_HOST)";
				CODE_SIGN_STYLE = Automatic;
				CURRENT_PROJECT_VERSION = 1;
				GENERATE_INFOPLIST_FILE = YES;
				IPHONEOS_DEPLOYMENT_TARGET = 16.2;
				MARKETING_VERSION = 1.0;
				PRODUCT_BUNDLE_IDENTIFIER = test.ComposableArchitectureIssueCancellableIDTests;
				PRODUCT_NAME = "$(TARGET_NAME)";
				SWIFT_EMIT_LOC_STRINGS = NO;
				SWIFT_VERSION = 5.0;
				TARGETED_DEVICE_FAMILY = "1,2";
				TEST_HOST = "$(BUILT_PRODUCTS_DIR)/ComposableArchitectureIssueCancellableID.app/$(BUNDLE_EXECUTABLE_FOLDER_PATH)/ComposableArchitectureIssueCancellableID";
			};
			name = Release;
		};
		0D93B58B29C9C78000DF0F53 /* Debug */ = {
			isa = XCBuildConfiguration;
			buildSettings = {
				ALWAYS_EMBED_SWIFT_STANDARD_LIBRARIES = YES;
				CODE_SIGN_STYLE = Automatic;
				CURRENT_PROJECT_VERSION = 1;
				GENERATE_INFOPLIST_FILE = YES;
				MARKETING_VERSION = 1.0;
				PRODUCT_BUNDLE_IDENTIFIER = test.ComposableArchitectureIssueCancellableIDUITests;
				PRODUCT_NAME = "$(TARGET_NAME)";
				SWIFT_EMIT_LOC_STRINGS = NO;
				SWIFT_VERSION = 5.0;
				TARGETED_DEVICE_FAMILY = "1,2";
				TEST_TARGET_NAME = ComposableArchitectureIssueCancellableID;
			};
			name = Debug;
		};
		0D93B58C29C9C78000DF0F53 /* Release */ = {
			isa = XCBuildConfiguration;
			buildSettings = {
				ALWAYS_EMBED_SWIFT_STANDARD_LIBRARIES = YES;
				CODE_SIGN_STYLE = Automatic;
				CURRENT_PROJECT_VERSION = 1;
				GENERATE_INFOPLIST_FILE = YES;
				MARKETING_VERSION = 1.0;
				PRODUCT_BUNDLE_IDENTIFIER = test.ComposableArchitectureIssueCancellableIDUITests;
				PRODUCT_NAME = "$(TARGET_NAME)";
				SWIFT_EMIT_LOC_STRINGS = NO;
				SWIFT_VERSION = 5.0;
				TARGETED_DEVICE_FAMILY = "1,2";
				TEST_TARGET_NAME = ComposableArchitectureIssueCancellableID;
			};
			name = Release;
		};
/* End XCBuildConfiguration section */

/* Begin XCConfigurationList section */
		0D93B55B29C9C77E00DF0F53 /* Build configuration list for PBXProject "ComposableArchitectureIssueCancellableID" */ = {
			isa = XCConfigurationList;
			buildConfigurations = (
				0D93B58229C9C78000DF0F53 /* Debug */,
				0D93B58329C9C78000DF0F53 /* Release */,
			);
			defaultConfigurationIsVisible = 0;
			defaultConfigurationName = Release;
		};
		0D93B58429C9C78000DF0F53 /* Build configuration list for PBXNativeTarget "ComposableArchitectureIssueCancellableID" */ = {
			isa = XCConfigurationList;
			buildConfigurations = (
				0D93B58529C9C78000DF0F53 /* Debug */,
				0D93B58629C9C78000DF0F53 /* Release */,
			);
			defaultConfigurationIsVisible = 0;
			defaultConfigurationName = Release;
		};
		0D93B58729C9C78000DF0F53 /* Build configuration list for PBXNativeTarget "ComposableArchitectureIssueCancellableIDTests" */ = {
			isa = XCConfigurationList;
			buildConfigurations = (
				0D93B58829C9C78000DF0F53 /* Debug */,
				0D93B58929C9C78000DF0F53 /* Release */,
			);
			defaultConfigurationIsVisible = 0;
			defaultConfigurationName = Release;
		};
		0D93B58A29C9C78000DF0F53 /* Build configuration list for PBXNativeTarget "ComposableArchitectureIssueCancellableIDUITests" */ = {
			isa = XCConfigurationList;
			buildConfigurations = (
				0D93B58B29C9C78000DF0F53 /* Debug */,
				0D93B58C29C9C78000DF0F53 /* Release */,
			);
			defaultConfigurationIsVisible = 0;
			defaultConfigurationName = Release;
		};
/* End XCConfigurationList section */

/* Begin XCRemoteSwiftPackageReference section */
		0D93B58D29C9C7B100DF0F53 /* XCRemoteSwiftPackageReference "swift-composable-architecture" */ = {
			isa = XCRemoteSwiftPackageReference;
			repositoryURL = "https://github.com/pointfreeco/swift-composable-architecture";
			requirement = {
				kind = upToNextMajorVersion;
				minimumVersion = 0.9.0;
			};
		};
/* End XCRemoteSwiftPackageReference section */

/* Begin XCSwiftPackageProductDependency section */
		0D93B58E29C9C7B100DF0F53 /* ComposableArchitecture */ = {
			isa = XCSwiftPackageProductDependency;
			package = 0D93B58D29C9C7B100DF0F53 /* XCRemoteSwiftPackageReference "swift-composable-architecture" */;
			productName = ComposableArchitecture;
		};
/* End XCSwiftPackageProductDependency section */
	};
	rootObject = 0D93B55829C9C77E00DF0F53 /* Project object */;
}
